// !$*UTF8*$!
{
	archiveVersion = 1;
	classes = {
	};
	objectVersion = 55;
	objects = {

/* Begin PBXBuildFile section */
		3FC96E1727FB9E2900B35F14 /* AppDelegate.swift in Sources */ = {isa = PBXBuildFile; fileRef = 3FC96E1627FB9E2900B35F14 /* AppDelegate.swift */; };
		3FC96E1927FB9E2900B35F14 /* SceneDelegate.swift in Sources */ = {isa = PBXBuildFile; fileRef = 3FC96E1827FB9E2900B35F14 /* SceneDelegate.swift */; };
		3FC96E1B27FB9E2900B35F14 /* HomeViewController.swift in Sources */ = {isa = PBXBuildFile; fileRef = 3FC96E1A27FB9E2900B35F14 /* HomeViewController.swift */; };
		3FC96E1E27FB9E2900B35F14 /* Main.storyboard in Resources */ = {isa = PBXBuildFile; fileRef = 3FC96E1C27FB9E2900B35F14 /* Main.storyboard */; };
		3FC96E2027FB9E2B00B35F14 /* Assets.xcassets in Resources */ = {isa = PBXBuildFile; fileRef = 3FC96E1F27FB9E2B00B35F14 /* Assets.xcassets */; };
		3FC96E2327FB9E2B00B35F14 /* LaunchScreen.storyboard in Resources */ = {isa = PBXBuildFile; fileRef = 3FC96E2127FB9E2B00B35F14 /* LaunchScreen.storyboard */; };
		3FD434E7281CA71100610ACD /* TopicsViewController.swift in Sources */ = {isa = PBXBuildFile; fileRef = 3FD434E6281CA71100610ACD /* TopicsViewController.swift */; };
		3FD434E9281CA72100610ACD /* GKViewController.swift in Sources */ = {isa = PBXBuildFile; fileRef = 3FD434E8281CA72100610ACD /* GKViewController.swift */; };
		3FD434EB281CA73000610ACD /* MoviesViewController.swift in Sources */ = {isa = PBXBuildFile; fileRef = 3FD434EA281CA73000610ACD /* MoviesViewController.swift */; };
		3FD434ED281CA74100610ACD /* SportsViewController.swift in Sources */ = {isa = PBXBuildFile; fileRef = 3FD434EC281CA74100610ACD /* SportsViewController.swift */; };
		3FD434EF281CA74C00610ACD /* BooksViewController.swift in Sources */ = {isa = PBXBuildFile; fileRef = 3FD434EE281CA74C00610ACD /* BooksViewController.swift */; };
		3FD434F1281CACF900610ACD /* GKData.swift in Sources */ = {isa = PBXBuildFile; fileRef = 3FD434F0281CACF900610ACD /* GKData.swift */; };
/* End PBXBuildFile section */

/* Begin PBXFileReference section */
		3FC96E1327FB9E2900B35F14 /* quiz_App.app */ = {isa = PBXFileReference; explicitFileType = wrapper.application; includeInIndex = 0; path = quiz_App.app; sourceTree = BUILT_PRODUCTS_DIR; };
		3FC96E1627FB9E2900B35F14 /* AppDelegate.swift */ = {isa = PBXFileReference; lastKnownFileType = sourcecode.swift; path = AppDelegate.swift; sourceTree = "<group>"; };
		3FC96E1827FB9E2900B35F14 /* SceneDelegate.swift */ = {isa = PBXFileReference; lastKnownFileType = sourcecode.swift; path = SceneDelegate.swift; sourceTree = "<group>"; };
		3FC96E1A27FB9E2900B35F14 /* HomeViewController.swift */ = {isa = PBXFileReference; lastKnownFileType = sourcecode.swift; path = HomeViewController.swift; sourceTree = "<group>"; };
		3FC96E1D27FB9E2900B35F14 /* Base */ = {isa = PBXFileReference; lastKnownFileType = file.storyboard; name = Base; path = Base.lproj/Main.storyboard; sourceTree = "<group>"; };
		3FC96E1F27FB9E2B00B35F14 /* Assets.xcassets */ = {isa = PBXFileReference; lastKnownFileType = folder.assetcatalog; path = Assets.xcassets; sourceTree = "<group>"; };
		3FC96E2227FB9E2B00B35F14 /* Base */ = {isa = PBXFileReference; lastKnownFileType = file.storyboard; name = Base; path = Base.lproj/LaunchScreen.storyboard; sourceTree = "<group>"; };
		3FC96E2427FB9E2B00B35F14 /* Info.plist */ = {isa = PBXFileReference; lastKnownFileType = text.plist.xml; path = Info.plist; sourceTree = "<group>"; };
		3FD434E6281CA71100610ACD /* TopicsViewController.swift */ = {isa = PBXFileReference; lastKnownFileType = sourcecode.swift; path = TopicsViewController.swift; sourceTree = "<group>"; };
		3FD434E8281CA72100610ACD /* GKViewController.swift */ = {isa = PBXFileReference; lastKnownFileType = sourcecode.swift; path = GKViewController.swift; sourceTree = "<group>"; };
		3FD434EA281CA73000610ACD /* MoviesViewController.swift */ = {isa = PBXFileReference; lastKnownFileType = sourcecode.swift; path = MoviesViewController.swift; sourceTree = "<group>"; };
		3FD434EC281CA74100610ACD /* SportsViewController.swift */ = {isa = PBXFileReference; lastKnownFileType = sourcecode.swift; path = SportsViewController.swift; sourceTree = "<group>"; };
		3FD434EE281CA74C00610ACD /* BooksViewController.swift */ = {isa = PBXFileReference; lastKnownFileType = sourcecode.swift; path = BooksViewController.swift; sourceTree = "<group>"; };
		3FD434F0281CACF900610ACD /* GKData.swift */ = {isa = PBXFileReference; lastKnownFileType = sourcecode.swift; path = GKData.swift; sourceTree = "<group>"; };
/* End PBXFileReference section */

/* Begin PBXFrameworksBuildPhase section */
		3FC96E1027FB9E2900B35F14 /* Frameworks */ = {
			isa = PBXFrameworksBuildPhase;
			buildActionMask = 2147483647;
			files = (
			);
			runOnlyForDeploymentPostprocessing = 0;
		};
/* End PBXFrameworksBuildPhase section */

/* Begin PBXGroup section */
		3FC96E0A27FB9E2900B35F14 = {
			isa = PBXGroup;
			children = (
				3FC96E1527FB9E2900B35F14 /* quiz_App */,
				3FC96E1427FB9E2900B35F14 /* Products */,
			);
			sourceTree = "<group>";
		};
		3FC96E1427FB9E2900B35F14 /* Products */ = {
			isa = PBXGroup;
			children = (
				3FC96E1327FB9E2900B35F14 /* quiz_App.app */,
			);
			name = Products;
			sourceTree = "<group>";
		};
		3FC96E1527FB9E2900B35F14 /* quiz_App */ = {
			isa = PBXGroup;
			children = (
				3FC96E1627FB9E2900B35F14 /* AppDelegate.swift */,
				3FC96E1827FB9E2900B35F14 /* SceneDelegate.swift */,
				3FC96E1A27FB9E2900B35F14 /* HomeViewController.swift */,
				3FC96E1C27FB9E2900B35F14 /* Main.storyboard */,
				3FC96E1F27FB9E2B00B35F14 /* Assets.xcassets */,
				3FC96E2127FB9E2B00B35F14 /* LaunchScreen.storyboard */,
				3FC96E2427FB9E2B00B35F14 /* Info.plist */,
				3FD434E6281CA71100610ACD /* TopicsViewController.swift */,
				3FD434E8281CA72100610ACD /* GKViewController.swift */,
				3FD434EA281CA73000610ACD /* MoviesViewController.swift */,
				3FD434EC281CA74100610ACD /* SportsViewController.swift */,
				3FD434EE281CA74C00610ACD /* BooksViewController.swift */,
				3FD434F0281CACF900610ACD /* GKData.swift */,
			);
			path = quiz_App;
			sourceTree = "<group>";
		};
/* End PBXGroup section */

/* Begin PBXNativeTarget section */
		3FC96E1227FB9E2900B35F14 /* quiz_App */ = {
			isa = PBXNativeTarget;
			buildConfigurationList = 3FC96E2727FB9E2B00B35F14 /* Build configuration list for PBXNativeTarget "quiz_App" */;
			buildPhases = (
				3FC96E0F27FB9E2900B35F14 /* Sources */,
				3FC96E1027FB9E2900B35F14 /* Frameworks */,
				3FC96E1127FB9E2900B35F14 /* Resources */,
			);
			buildRules = (
			);
			dependencies = (
			);
			name = quiz_App;
			productName = quiz_App;
			productReference = 3FC96E1327FB9E2900B35F14 /* quiz_App.app */;
			productType = "com.apple.product-type.application";
		};
/* End PBXNativeTarget section */

/* Begin PBXProject section */
		3FC96E0B27FB9E2900B35F14 /* Project object */ = {
			isa = PBXProject;
			attributes = {
				BuildIndependentTargetsInParallel = 1;
				LastSwiftUpdateCheck = 1320;
				LastUpgradeCheck = 1320;
				TargetAttributes = {
					3FC96E1227FB9E2900B35F14 = {
						CreatedOnToolsVersion = 13.2.1;
					};
				};
			};
			buildConfigurationList = 3FC96E0E27FB9E2900B35F14 /* Build configuration list for PBXProject "quiz_App" */;
			compatibilityVersion = "Xcode 13.0";
			developmentRegion = en;
			hasScannedForEncodings = 0;
			knownRegions = (
				en,
				Base,
			);
			mainGroup = 3FC96E0A27FB9E2900B35F14;
			productRefGroup = 3FC96E1427FB9E2900B35F14 /* Products */;
			projectDirPath = "";
			projectRoot = "";
			targets = (
				3FC96E1227FB9E2900B35F14 /* quiz_App */,
			);
		};
/* End PBXProject section */

/* Begin PBXResourcesBuildPhase section */
		3FC96E1127FB9E2900B35F14 /* Resources */ = {
			isa = PBXResourcesBuildPhase;
			buildActionMask = 2147483647;
			files = (
				3FC96E2327FB9E2B00B35F14 /* LaunchScreen.storyboard in Resources */,
				3FC96E2027FB9E2B00B35F14 /* Assets.xcassets in Resources */,
				3FC96E1E27FB9E2900B35F14 /* Main.storyboard in Resources */,
			);
			runOnlyForDeploymentPostprocessing = 0;
		};
/* End PBXResourcesBuildPhase section */

/* Begin PBXSourcesBuildPhase section */
		3FC96E0F27FB9E2900B35F14 /* Sources */ = {
			isa = PBXSourcesBuildPhase;
			buildActionMask = 2147483647;
			files = (
				3FC96E1B27FB9E2900B35F14 /* HomeViewController.swift in Sources */,
				3FD434ED281CA74100610ACD /* SportsViewController.swift in Sources */,
				3FC96E1727FB9E2900B35F14 /* AppDelegate.swift in Sources */,
				3FD434E9281CA72100610ACD /* GKViewController.swift in Sources */,
				3FD434EB281CA73000610ACD /* MoviesViewController.swift in Sources */,
				3FD434E7281CA71100610ACD /* TopicsViewController.swift in Sources */,
				3FC96E1927FB9E2900B35F14 /* SceneDelegate.swift in Sources */,
				3FD434F1281CACF900610ACD /* GKData.swift in Sources */,
				3FD434EF281CA74C00610ACD /* BooksViewController.swift in Sources */,
			);
			runOnlyForDeploymentPostprocessing = 0;
		};
/* End PBXSourcesBuildPhase section */

/* Begin PBXVariantGroup section */
		3FC96E1C27FB9E2900B35F14 /* Main.storyboard */ = {
			isa = PBXVariantGroup;
			children = (
				3FC96E1D27FB9E2900B35F14 /* Base */,
			);
			name = Main.storyboard;
			sourceTree = "<group>";
		};
		3FC96E2127FB9E2B00B35F14 /* LaunchScreen.storyboard */ = {
			isa = PBXVariantGroup;
			children = (
				3FC96E2227FB9E2B00B35F14 /* Base */,
			);
			name = LaunchScreen.storyboard;
			sourceTree = "<group>";
		};
/* End PBXVariantGroup section */

/* Begin XCBuildConfiguration section */
		3FC96E2527FB9E2B00B35F14 /* Debug */ = {
			isa = XCBuildConfiguration;
			buildSettings = {
				ALWAYS_SEARCH_USER_PATHS = NO;
				CLANG_ANALYZER_NONNULL = YES;
				CLANG_ANALYZER_NUMBER_OBJECT_CONVERSION = YES_AGGRESSIVE;
				CLANG_CXX_LANGUAGE_STANDARD = "gnu++17";
				CLANG_CXX_LIBRARY = "libc++";
				CLANG_ENABLE_MODULES = YES;
				CLANG_ENABLE_OBJC_ARC = YES;
				CLANG_ENABLE_OBJC_WEAK = YES;
				CLANG_WARN_BLOCK_CAPTURE_AUTORELEASING = YES;
				CLANG_WARN_BOOL_CONVERSION = YES;
				CLANG_WARN_COMMA = YES;
				CLANG_WARN_CONSTANT_CONVERSION = YES;
				CLANG_WARN_DEPRECATED_OBJC_IMPLEMENTATIONS = YES;
				CLANG_WARN_DIRECT_OBJC_ISA_USAGE = YES_ERROR;
				CLANG_WARN_DOCUMENTATION_COMMENTS = YES;
				CLANG_WARN_EMPTY_BODY = YES;
				CLANG_WARN_ENUM_CONVERSION = YES;
				CLANG_WARN_INFINITE_RECURSION = YES;
				CLANG_WARN_INT_CONVERSION = YES;
				CLANG_WARN_NON_LITERAL_NULL_CONVERSION = YES;
				CLANG_WARN_OBJC_IMPLICIT_RETAIN_SELF = YES;
				CLANG_WARN_OBJC_LITERAL_CONVERSION = YES;
				CLANG_WARN_OBJC_ROOT_CLASS = YES_ERROR;
				CLANG_WARN_QUOTED_INCLUDE_IN_FRAMEWORK_HEADER = YES;
				CLANG_WARN_RANGE_LOOP_ANALYSIS = YES;
				CLANG_WARN_STRICT_PROTOTYPES = YES;
				CLANG_WARN_SUSPICIOUS_MOVE = YES;
				CLANG_WARN_UNGUARDED_AVAILABILITY = YES_AGGRESSIVE;
				CLANG_WARN_UNREACHABLE_CODE = YES;
				CLANG_WARN__DUPLICATE_METHOD_MATCH = YES;
				COPY_PHASE_STRIP = NO;
				DEBUG_INFORMATION_FORMAT = dwarf;
				ENABLE_STRICT_OBJC_MSGSEND = YES;
				ENABLE_TESTABILITY = YES;
				GCC_C_LANGUAGE_STANDARD = gnu11;
				GCC_DYNAMIC_NO_PIC = NO;
				GCC_NO_COMMON_BLOCKS = YES;
				GCC_OPTIMIZATION_LEVEL = 0;
				GCC_PREPROCESSOR_DEFINITIONS = (
					"DEBUG=1",
					"$(inherited)",
				);
				GCC_WARN_64_TO_32_BIT_CONVERSION = YES;
				GCC_WARN_ABOUT_RETURN_TYPE = YES_ERROR;
				GCC_WARN_UNDECLARED_SELECTOR = YES;
				GCC_WARN_UNINITIALIZED_AUTOS = YES_AGGRESSIVE;
				GCC_WARN_UNUSED_FUNCTION = YES;
				GCC_WARN_UNUSED_VARIABLE = YES;
				IPHONEOS_DEPLOYMENT_TARGET = 15.2;
				MTL_ENABLE_DEBUG_INFO = INCLUDE_SOURCE;
				MTL_FAST_MATH = YES;
				ONLY_ACTIVE_ARCH = YES;
				SDKROOT = iphoneos;
				SWIFT_ACTIVE_COMPILATION_CONDITIONS = DEBUG;
				SWIFT_OPTIMIZATION_LEVEL = "-Onone";
			};
			name = Debug;
		};
		3FC96E2627FB9E2B00B35F14 /* Release */ = {
			isa = XCBuildConfiguration;
			buildSettings = {
				ALWAYS_SEARCH_USER_PATHS = NO;
				CLANG_ANALYZER_NONNULL = YES;
				CLANG_ANALYZER_NUMBER_OBJECT_CONVERSION = YES_AGGRESSIVE;
				CLANG_CXX_LANGUAGE_STANDARD = "gnu++17";
				CLANG_CXX_LIBRARY = "libc++";
				CLANG_ENABLE_MODULES = YES;
				CLANG_ENABLE_OBJC_ARC = YES;
				CLANG_ENABLE_OBJC_WEAK = YES;
				CLANG_WARN_BLOCK_CAPTURE_AUTORELEASING = YES;
				CLANG_WARN_BOOL_CONVERSION = YES;
				CLANG_WARN_COMMA = YES;
				CLANG_WARN_CONSTANT_CONVERSION = YES;
				CLANG_WARN_DEPRECATED_OBJC_IMPLEMENTATIONS = YES;
				CLANG_WARN_DIRECT_OBJC_ISA_USAGE = YES_ERROR;
				CLANG_WARN_DOCUMENTATION_COMMENTS = YES;
				CLANG_WARN_EMPTY_BODY = YES;
				CLANG_WARN_ENUM_CONVERSION = YES;
				CLANG_WARN_INFINITE_RECURSION = YES;
				CLANG_WARN_INT_CONVERSION = YES;
				CLANG_WARN_NON_LITERAL_NULL_CONVERSION = YES;
				CLANG_WARN_OBJC_IMPLICIT_RETAIN_SELF = YES;
				CLANG_WARN_OBJC_LITERAL_CONVERSION = YES;
				CLANG_WARN_OBJC_ROOT_CLASS = YES_ERROR;
				CLANG_WARN_QUOTED_INCLUDE_IN_FRAMEWORK_HEADER = YES;
				CLANG_WARN_RANGE_LOOP_ANALYSIS = YES;
				CLANG_WARN_STRICT_PROTOTYPES = YES;
				CLANG_WARN_SUSPICIOUS_MOVE = YES;
				CLANG_WARN_UNGUARDED_AVAILABILITY = YES_AGGRESSIVE;
				CLANG_WARN_UNREACHABLE_CODE = YES;
				CLANG_WARN__DUPLICATE_METHOD_MATCH = YES;
				COPY_PHASE_STRIP = NO;
				DEBUG_INFORMATION_FORMAT = "dwarf-with-dsym";
				ENABLE_NS_ASSERTIONS = NO;
				ENABLE_STRICT_OBJC_MSGSEND = YES;
				GCC_C_LANGUAGE_STANDARD = gnu11;
				GCC_NO_COMMON_BLOCKS = YES;
				GCC_WARN_64_TO_32_BIT_CONVERSION = YES;
				GCC_WARN_ABOUT_RETURN_TYPE = YES_ERROR;
				GCC_WARN_UNDECLARED_SELECTOR = YES;
				GCC_WARN_UNINITIALIZED_AUTOS = YES_AGGRESSIVE;
				GCC_WARN_UNUSED_FUNCTION = YES;
				GCC_WARN_UNUSED_VARIABLE = YES;
				IPHONEOS_DEPLOYMENT_TARGET = 15.2;
				MTL_ENABLE_DEBUG_INFO = NO;
				MTL_FAST_MATH = YES;
				SDKROOT = iphoneos;
				SWIFT_COMPILATION_MODE = wholemodule;
				SWIFT_OPTIMIZATION_LEVEL = "-O";
				VALIDATE_PRODUCT = YES;
			};
			name = Release;
		};
		3FC96E2827FB9E2B00B35F14 /* Debug */ = {
			isa = XCBuildConfiguration;
			buildSettings = {
				ASSETCATALOG_COMPILER_APPICON_NAME = AppIcon;
				ASSETCATALOG_COMPILER_GLOBAL_ACCENT_COLOR_NAME = AccentColor;
				CODE_SIGN_STYLE = Automatic;
				CURRENT_PROJECT_VERSION = 1;
				GENERATE_INFOPLIST_FILE = YES;
				INFOPLIST_FILE = quiz_App/Info.plist;
				INFOPLIST_KEY_CFBundleDisplayName = Quiz_App;
				INFOPLIST_KEY_UIApplicationSupportsIndirectInputEvents = YES;
				INFOPLIST_KEY_UILaunchStoryboardName = LaunchScreen;
				INFOPLIST_KEY_UIMainStoryboardFile = Main;
				INFOPLIST_KEY_UISupportedInterfaceOrientations_iPad = "UIInterfaceOrientationPortrait UIInterfaceOrientationPortraitUpsideDown UIInterfaceOrientationLandscapeLeft UIInterfaceOrientationLandscapeRight";
				INFOPLIST_KEY_UISupportedInterfaceOrientations_iPhone = "UIInterfaceOrientationPortrait UIInterfaceOrientationLandscapeLeft UIInterfaceOrientationLandscapeRight";
				LD_RUNPATH_SEARCH_PATHS = (
					"$(inherited)",
					"@executable_path/Frameworks",
				);
				MARKETING_VERSION = 1.0;
				PRODUCT_BUNDLE_IDENTIFIER = "nwmsu.quiz-App";
				PRODUCT_NAME = "$(TARGET_NAME)";
				SWIFT_EMIT_LOC_STRINGS = YES;
				SWIFT_VERSION = 5.0;
				TARGETED_DEVICE_FAMILY = "1,2";
			};
			name = Debug;
		};
		3FC96E2927FB9E2B00B35F14 /* Release */ = {
			isa = XCBuildConfiguration;
			buildSettings = {
				ASSETCATALOG_COMPILER_APPICON_NAME = AppIcon;
				ASSETCATALOG_COMPILER_GLOBAL_ACCENT_COLOR_NAME = AccentColor;
				CODE_SIGN_STYLE = Automatic;
				CURRENT_PROJECT_VERSION = 1;
				GENERATE_INFOPLIST_FILE = YES;
				INFOPLIST_FILE = quiz_App/Info.plist;
				INFOPLIST_KEY_CFBundleDisplayName = Quiz_App;
				INFOPLIST_KEY_UIApplicationSupportsIndirectInputEvents = YES;
				INFOPLIST_KEY_UILaunchStoryboardName = LaunchScreen;
				INFOPLIST_KEY_UIMainStoryboardFile = Main;
				INFOPLIST_KEY_UISupportedInterfaceOrientations_iPad = "UIInterfaceOrientationPortrait UIInterfaceOrientationPortraitUpsideDown UIInterfaceOrientationLandscapeLeft UIInterfaceOrientationLandscapeRight";
				INFOPLIST_KEY_UISupportedInterfaceOrientations_iPhone = "UIInterfaceOrientationPortrait UIInterfaceOrientationLandscapeLeft UIInterfaceOrientationLandscapeRight";
				LD_RUNPATH_SEARCH_PATHS = (
					"$(inherited)",
					"@executable_path/Frameworks",
				);
				MARKETING_VERSION = 1.0;
				PRODUCT_BUNDLE_IDENTIFIER = "nwmsu.quiz-App";
				PRODUCT_NAME = "$(TARGET_NAME)";
				SWIFT_EMIT_LOC_STRINGS = YES;
				SWIFT_VERSION = 5.0;
				TARGETED_DEVICE_FAMILY = "1,2";
			};
			name = Release;
		};
/* End XCBuildConfiguration section */

/* Begin XCConfigurationList section */
		3FC96E0E27FB9E2900B35F14 /* Build configuration list for PBXProject "quiz_App" */ = {
			isa = XCConfigurationList;
			buildConfigurations = (
				3FC96E2527FB9E2B00B35F14 /* Debug */,
				3FC96E2627FB9E2B00B35F14 /* Release */,
			);
			defaultConfigurationIsVisible = 0;
			defaultConfigurationName = Release;
		};
		3FC96E2727FB9E2B00B35F14 /* Build configuration list for PBXNativeTarget "quiz_App" */ = {
			isa = XCConfigurationList;
			buildConfigurations = (
				3FC96E2827FB9E2B00B35F14 /* Debug */,
				3FC96E2927FB9E2B00B35F14 /* Release */,
			);
			defaultConfigurationIsVisible = 0;
			defaultConfigurationName = Release;
		};
/* End XCConfigurationList section */
	};
	rootObject = 3FC96E0B27FB9E2900B35F14 /* Project object */;
}
